
Microsoft Visual Studio Solution File, Format Version 12.00
# Visual Studio 15
VisualStudioVersion = 15.0.27703.2035
MinimumVisualStudioVersion = 10.0.40219.1
Project("{FAE04EC0-301F-11D3-BF4B-00C04F79EFBC}") = "ConsoleApp1", "ConsoleApp1\ConsoleApp1.csproj", "{4FCEDF87-74A3-4139-A75F-2CD7F7F8DD92}"
EndProject
Project("{FAE04EC0-301F-11D3-BF4B-00C04F79EFBC}") = "Chat", "Chat\Chat.csproj", "{B7205EFB-DC28-41F7-A85B-E813F417C0D4}"
EndProject
Project("{FAE04EC0-301F-11D3-BF4B-00C04F79EFBC}") = "Queue", "Queue\Queue.csproj", "{A5E06216-2745-4E0E-ACDC-DDC5BC4D020C}"
EndProject
Global
	GlobalSection(SolutionConfigurationPlatforms) = preSolution
		Debug|Any CPU = Debug|Any CPU
		Release|Any CPU = Release|Any CPU
	EndGlobalSection
	GlobalSection(ProjectConfigurationPlatforms) = postSolution
		{4FCEDF87-74A3-4139-A75F-2CD7F7F8DD92}.Debug|Any CPU.ActiveCfg = Debug|Any CPU
		{4FCEDF87-74A3-4139-A75F-2CD7F7F8DD92}.Debug|Any CPU.Build.0 = Debug|Any CPU
		{4FCEDF87-74A3-4139-A75F-2CD7F7F8DD92}.Release|Any CPU.ActiveCfg = Release|Any CPU
		{4FCEDF87-74A3-4139-A75F-2CD7F7F8DD92}.Release|Any CPU.Build.0 = Release|Any CPU
		{B7205EFB-DC28-41F7-A85B-E813F417C0D4}.Debug|Any CPU.ActiveCfg = Debug|Any CPU
		{B7205EFB-DC28-41F7-A85B-E813F417C0D4}.Debug|Any CPU.Build.0 = Debug|Any CPU
		{B7205EFB-DC28-41F7-A85B-E813F417C0D4}.Release|Any CPU.ActiveCfg = Release|Any CPU
		{B7205EFB-DC28-41F7-A85B-E813F417C0D4}.Release|Any CPU.Build.0 = Release|Any CPU
		{A5E06216-2745-4E0E-ACDC-DDC5BC4D020C}.Debug|Any CPU.ActiveCfg = Debug|Any CPU
		{A5E06216-2745-4E0E-ACDC-DDC5BC4D020C}.Debug|Any CPU.Build.0 = Debug|Any CPU
		{A5E06216-2745-4E0E-ACDC-DDC5BC4D020C}.Release|Any CPU.ActiveCfg = Release|Any CPU
		{A5E06216-2745-4E0E-ACDC-DDC5BC4D020C}.Release|Any CPU.Build.0 = Release|Any CPU
	EndGlobalSection
	GlobalSection(SolutionProperties) = preSolution
		HideSolutionNode = FALSE
	EndGlobalSection
	GlobalSection(ExtensibilityGlobals) = postSolution
		SolutionGuid = {9C4E6984-884D-4062-A5AD-839B840256F7}
	EndGlobalSection
EndGlobal
